// !$*UTF8*$!
{
	archiveVersion = 1;
	classes = {
	};
	objectVersion = 77;
	objects = {

/* Begin PBXBuildFile section */
		1A6B5AC03C8D2D96E9EA1BCD /* PhotoPicker.swift in Sources */ = {isa = PBXBuildFile; fileRef = D543A4258340225AE0434159 /* PhotoPicker.swift */; };
		1AC3DF07F7C4AC88DBC934C3 /* CreateFolderView.swift in Sources */ = {isa = PBXBuildFile; fileRef = DEBF84EDCFF7D26FFC71D2F1 /* CreateFolderView.swift */; };
		20207A2132083E33703887C2 /* FileItem.swift in Sources */ = {isa = PBXBuildFile; fileRef = 83E33F28660100178E2FFAEA /* FileItem.swift */; };
		24509BBB6A26B34F08A2F6CB /* FolderStore.swift in Sources */ = {isa = PBXBuildFile; fileRef = 5BCFA54B656AF694DD0127F1 /* FolderStore.swift */; };
		24F7D73A45784812E5B7FAF1 /* ContentView.swift in Sources */ = {isa = PBXBuildFile; fileRef = 6520FE57CA3B397B6B01A177 /* ContentView.swift */; };
		2510BCCBCEDA78B5BF36CCD4 /* FolderListView.swift in Sources */ = {isa = PBXBuildFile; fileRef = B6FD25B02D749143BE780BE4 /* FolderListView.swift */; };
		37DC86BCE76712747495503B /* Folder.swift in Sources */ = {isa = PBXBuildFile; fileRef = 579ACB6250E2D364267E9126 /* Folder.swift */; };
		464638A2A2F88D17154203A1 /* FilePreviewView.swift in Sources */ = {isa = PBXBuildFile; fileRef = 4E5D7C3E227F7C1E8F58CCA7 /* FilePreviewView.swift */; };
		6E57CC77F3B07BFB0F847FC0 /* FileRowView.swift in Sources */ = {isa = PBXBuildFile; fileRef = 9DC99E83A439A7536A719DC7 /* FileRowView.swift */; };
		844AD464629ECB6A8B3EA3FD /* KeychainService.swift in Sources */ = {isa = PBXBuildFile; fileRef = 1234FE2E1A8B357D3A0B437C /* KeychainService.swift */; };
		89B82298EC0B75BF1AACE33A /* StorageService.swift in Sources */ = {isa = PBXBuildFile; fileRef = 25D556346D41940E39CC7560 /* StorageService.swift */; };
		8A2506BB46ADD5FCDEB9E242 /* DocumentPicker.swift in Sources */ = {isa = PBXBuildFile; fileRef = F5F789B90F9EE31CA31EDD80 /* DocumentPicker.swift */; };
		ACAB5CB16E517A71912D2B67 /* FileThumbnailView.swift in Sources */ = {isa = PBXBuildFile; fileRef = B5278BC5E14CE12C19B6B9DC /* FileThumbnailView.swift */; };
		C99CAFE43FEBD610249F601A /* SafeFolderApp.swift in Sources */ = {isa = PBXBuildFile; fileRef = C4124C77B4C9BF5C3DC7B391 /* SafeFolderApp.swift */; };
		CC24A8BC91BCC99C492CE580 /* FileGridItemView.swift in Sources */ = {isa = PBXBuildFile; fileRef = 600F8D099E88A564E8CD9635 /* FileGridItemView.swift */; };
		D2F1A0FE9C67359AAC4BC6D8 /* FolderRowView.swift in Sources */ = {isa = PBXBuildFile; fileRef = 16FD33D63DEDBC490D65348A /* FolderRowView.swift */; };
		D66C9C919D347A4D24E17014 /* AppLogger.swift in Sources */ = {isa = PBXBuildFile; fileRef = B22AE229DFB459E16BB18359 /* AppLogger.swift */; };
		D90E3307B8CE5EECF8EA58DC /* ConvertFolderView.swift in Sources */ = {isa = PBXBuildFile; fileRef = CB34F44E881AA119D7B9C7E4 /* ConvertFolderView.swift */; };
		DE73C02BAF778409AC1853C3 /* Assets.xcassets in Resources */ = {isa = PBXBuildFile; fileRef = CA769936954D61F4579EC206 /* Assets.xcassets */; };
		EA92B4289C8232E01FD2F92B /* FolderDetailView.swift in Sources */ = {isa = PBXBuildFile; fileRef = 8A64423C05A48D20AF3A5900 /* FolderDetailView.swift */; };
		F15896F9DED92E8990A257A1 /* EmptyStateView.swift in Sources */ = {isa = PBXBuildFile; fileRef = A2FFEA5006FF9B3215904DD1 /* EmptyStateView.swift */; };
		F4BDE0D0D8AFE9407F554064 /* ImagePicker.swift in Sources */ = {isa = PBXBuildFile; fileRef = 30E7B8972A95A89310CCFFFD /* ImagePicker.swift */; };
		F7E8802A57057E040ACCF83D /* BiometricAuthService.swift in Sources */ = {isa = PBXBuildFile; fileRef = 1D9BF8975EA2148664FAC676 /* BiometricAuthService.swift */; };
/* End PBXBuildFile section */

/* Begin PBXFileReference section */
		1234FE2E1A8B357D3A0B437C /* KeychainService.swift */ = {isa = PBXFileReference; lastKnownFileType = sourcecode.swift; path = KeychainService.swift; sourceTree = "<group>"; };
		16FD33D63DEDBC490D65348A /* FolderRowView.swift */ = {isa = PBXFileReference; lastKnownFileType = sourcecode.swift; path = FolderRowView.swift; sourceTree = "<group>"; };
		1D9BF8975EA2148664FAC676 /* BiometricAuthService.swift */ = {isa = PBXFileReference; lastKnownFileType = sourcecode.swift; path = BiometricAuthService.swift; sourceTree = "<group>"; };
		25D556346D41940E39CC7560 /* StorageService.swift */ = {isa = PBXFileReference; lastKnownFileType = sourcecode.swift; path = StorageService.swift; sourceTree = "<group>"; };
		30E7B8972A95A89310CCFFFD /* ImagePicker.swift */ = {isa = PBXFileReference; lastKnownFileType = sourcecode.swift; path = ImagePicker.swift; sourceTree = "<group>"; };
		4E5D7C3E227F7C1E8F58CCA7 /* FilePreviewView.swift */ = {isa = PBXFileReference; lastKnownFileType = sourcecode.swift; path = FilePreviewView.swift; sourceTree = "<group>"; };
		579ACB6250E2D364267E9126 /* Folder.swift */ = {isa = PBXFileReference; lastKnownFileType = sourcecode.swift; path = Folder.swift; sourceTree = "<group>"; };
		5BCFA54B656AF694DD0127F1 /* FolderStore.swift */ = {isa = PBXFileReference; lastKnownFileType = sourcecode.swift; path = FolderStore.swift; sourceTree = "<group>"; };
		600F8D099E88A564E8CD9635 /* FileGridItemView.swift */ = {isa = PBXFileReference; lastKnownFileType = sourcecode.swift; path = FileGridItemView.swift; sourceTree = "<group>"; };
		6520FE57CA3B397B6B01A177 /* ContentView.swift */ = {isa = PBXFileReference; lastKnownFileType = sourcecode.swift; path = ContentView.swift; sourceTree = "<group>"; };
		83E33F28660100178E2FFAEA /* FileItem.swift */ = {isa = PBXFileReference; lastKnownFileType = sourcecode.swift; path = FileItem.swift; sourceTree = "<group>"; };
		8A64423C05A48D20AF3A5900 /* FolderDetailView.swift */ = {isa = PBXFileReference; lastKnownFileType = sourcecode.swift; path = FolderDetailView.swift; sourceTree = "<group>"; };
		9DC99E83A439A7536A719DC7 /* FileRowView.swift */ = {isa = PBXFileReference; lastKnownFileType = sourcecode.swift; path = FileRowView.swift; sourceTree = "<group>"; };
		A2FFEA5006FF9B3215904DD1 /* EmptyStateView.swift */ = {isa = PBXFileReference; lastKnownFileType = sourcecode.swift; path = EmptyStateView.swift; sourceTree = "<group>"; };
		B22AE229DFB459E16BB18359 /* AppLogger.swift */ = {isa = PBXFileReference; lastKnownFileType = sourcecode.swift; path = AppLogger.swift; sourceTree = "<group>"; };
		B5278BC5E14CE12C19B6B9DC /* FileThumbnailView.swift */ = {isa = PBXFileReference; lastKnownFileType = sourcecode.swift; path = FileThumbnailView.swift; sourceTree = "<group>"; };
		B646C8C20C8A179EE0802002 /* Info.plist */ = {isa = PBXFileReference; lastKnownFileType = text.plist; path = Info.plist; sourceTree = "<group>"; };
		B6FD25B02D749143BE780BE4 /* FolderListView.swift */ = {isa = PBXFileReference; lastKnownFileType = sourcecode.swift; path = FolderListView.swift; sourceTree = "<group>"; };
		C4124C77B4C9BF5C3DC7B391 /* SafeFolderApp.swift */ = {isa = PBXFileReference; lastKnownFileType = sourcecode.swift; path = SafeFolderApp.swift; sourceTree = "<group>"; };
		CA769936954D61F4579EC206 /* Assets.xcassets */ = {isa = PBXFileReference; lastKnownFileType = folder.assetcatalog; path = Assets.xcassets; sourceTree = "<group>"; };
		CB34F44E881AA119D7B9C7E4 /* ConvertFolderView.swift */ = {isa = PBXFileReference; lastKnownFileType = sourcecode.swift; path = ConvertFolderView.swift; sourceTree = "<group>"; };
		D543A4258340225AE0434159 /* PhotoPicker.swift */ = {isa = PBXFileReference; lastKnownFileType = sourcecode.swift; path = PhotoPicker.swift; sourceTree = "<group>"; };
		DEBF84EDCFF7D26FFC71D2F1 /* CreateFolderView.swift */ = {isa = PBXFileReference; lastKnownFileType = sourcecode.swift; path = CreateFolderView.swift; sourceTree = "<group>"; };
		F277BF0BEAB7FE0ABE4F6429 /* SafeFolder.app */ = {isa = PBXFileReference; includeInIndex = 0; lastKnownFileType = wrapper.application; path = SafeFolder.app; sourceTree = BUILT_PRODUCTS_DIR; };
		F5F789B90F9EE31CA31EDD80 /* DocumentPicker.swift */ = {isa = PBXFileReference; lastKnownFileType = sourcecode.swift; path = DocumentPicker.swift; sourceTree = "<group>"; };
/* End PBXFileReference section */

/* Begin PBXGroup section */
		12EF5EBD7026C4054038D490 /* Core */ = {
			isa = PBXGroup;
			children = (
				24225F14E7561DB188506BF2 /* Models */,
				63E821CB53240B3055FB6C7C /* Services */,
				A8B6B594CA359845252EF1D9 /* Utilities */,
				C3F25812275C8212D24EE0C6 /* ViewModels */,
			);
			path = Core;
			sourceTree = "<group>";
		};
		24225F14E7561DB188506BF2 /* Models */ = {
			isa = PBXGroup;
			children = (
				83E33F28660100178E2FFAEA /* FileItem.swift */,
				579ACB6250E2D364267E9126 /* Folder.swift */,
			);
			path = Models;
			sourceTree = "<group>";
		};
		29B1E5293DC5523C15C475C9 /* Resources */ = {
			isa = PBXGroup;
			children = (
				CA769936954D61F4579EC206 /* Assets.xcassets */,
			);
			path = Resources;
			sourceTree = "<group>";
		};
		382BAF9E4C9627ED5D550534 /* SafeFolder */ = {
			isa = PBXGroup;
			children = (
				B646C8C20C8A179EE0802002 /* Info.plist */,
				ECF7F7074CA8D9FEC7393802 /* App */,
				12EF5EBD7026C4054038D490 /* Core */,
				D781B4DF085A151F69524F4E /* Features */,
				29B1E5293DC5523C15C475C9 /* Resources */,
				B8726DD361622E67B7F24E2F /* Shared */,
			);
			path = SafeFolder;
			sourceTree = "<group>";
		};
		4DA687D44A5B00207D900EA0 /* Products */ = {
			isa = PBXGroup;
			children = (
				F277BF0BEAB7FE0ABE4F6429 /* SafeFolder.app */,
			);
			name = Products;
			sourceTree = "<group>";
		};
		58ACB6B8A3EBDD2FA0A0EA17 /* FolderList */ = {
			isa = PBXGroup;
			children = (
				B6FD25B02D749143BE780BE4 /* FolderListView.swift */,
				16FD33D63DEDBC490D65348A /* FolderRowView.swift */,
			);
			path = FolderList;
			sourceTree = "<group>";
		};
		63E821CB53240B3055FB6C7C /* Services */ = {
			isa = PBXGroup;
			children = (
				1D9BF8975EA2148664FAC676 /* BiometricAuthService.swift */,
				1234FE2E1A8B357D3A0B437C /* KeychainService.swift */,
				25D556346D41940E39CC7560 /* StorageService.swift */,
			);
			path = Services;
			sourceTree = "<group>";
		};
		71138D6B1EC80C346AF97F1D /* FolderDetail */ = {
			isa = PBXGroup;
			children = (
				600F8D099E88A564E8CD9635 /* FileGridItemView.swift */,
				9DC99E83A439A7536A719DC7 /* FileRowView.swift */,
				B5278BC5E14CE12C19B6B9DC /* FileThumbnailView.swift */,
				8A64423C05A48D20AF3A5900 /* FolderDetailView.swift */,
			);
			path = FolderDetail;
			sourceTree = "<group>";
		};
		757F89E7FCBB3FEEC46796A9 /* FolderCreation */ = {
			isa = PBXGroup;
			children = (
				CB34F44E881AA119D7B9C7E4 /* ConvertFolderView.swift */,
				DEBF84EDCFF7D26FFC71D2F1 /* CreateFolderView.swift */,
			);
			path = FolderCreation;
			sourceTree = "<group>";
		};
		96FE0CAE850E5A43060C6436 /* Components */ = {
			isa = PBXGroup;
			children = (
				F5F789B90F9EE31CA31EDD80 /* DocumentPicker.swift */,
				A2FFEA5006FF9B3215904DD1 /* EmptyStateView.swift */,
				4E5D7C3E227F7C1E8F58CCA7 /* FilePreviewView.swift */,
				30E7B8972A95A89310CCFFFD /* ImagePicker.swift */,
				D543A4258340225AE0434159 /* PhotoPicker.swift */,
			);
			path = Components;
			sourceTree = "<group>";
		};
		A28C52F42E8532575FB06F07 = {
			isa = PBXGroup;
			children = (
				382BAF9E4C9627ED5D550534 /* SafeFolder */,
				4DA687D44A5B00207D900EA0 /* Products */,
			);
			sourceTree = "<group>";
		};
		A8B6B594CA359845252EF1D9 /* Utilities */ = {
			isa = PBXGroup;
			children = (
				B22AE229DFB459E16BB18359 /* AppLogger.swift */,
			);
			path = Utilities;
			sourceTree = "<group>";
		};
		B8726DD361622E67B7F24E2F /* Shared */ = {
			isa = PBXGroup;
			children = (
				96FE0CAE850E5A43060C6436 /* Components */,
			);
			path = Shared;
			sourceTree = "<group>";
		};
		C3F25812275C8212D24EE0C6 /* ViewModels */ = {
			isa = PBXGroup;
			children = (
				5BCFA54B656AF694DD0127F1 /* FolderStore.swift */,
			);
			path = ViewModels;
			sourceTree = "<group>";
		};
		D781B4DF085A151F69524F4E /* Features */ = {
			isa = PBXGroup;
			children = (
				757F89E7FCBB3FEEC46796A9 /* FolderCreation */,
				71138D6B1EC80C346AF97F1D /* FolderDetail */,
				58ACB6B8A3EBDD2FA0A0EA17 /* FolderList */,
			);
			path = Features;
			sourceTree = "<group>";
		};
		ECF7F7074CA8D9FEC7393802 /* App */ = {
			isa = PBXGroup;
			children = (
				6520FE57CA3B397B6B01A177 /* ContentView.swift */,
				C4124C77B4C9BF5C3DC7B391 /* SafeFolderApp.swift */,
			);
			path = App;
			sourceTree = "<group>";
		};
/* End PBXGroup section */

/* Begin PBXNativeTarget section */
		33EC7B96CA7F4CE1AA815439 /* SafeFolder */ = {
			isa = PBXNativeTarget;
			buildConfigurationList = 0C5A45806275E00C4D271E0F /* Build configuration list for PBXNativeTarget "SafeFolder" */;
			buildPhases = (
				9FB2479B813B316FFC1F1276 /* Sources */,
				4375520BFE4C41DF58DAEB30 /* Resources */,
			);
			buildRules = (
			);
			dependencies = (
			);
			name = SafeFolder;
			packageProductDependencies = (
			);
			productName = SafeFolder;
			productReference = F277BF0BEAB7FE0ABE4F6429 /* SafeFolder.app */;
			productType = "com.apple.product-type.application";
		};
/* End PBXNativeTarget section */

/* Begin PBXProject section */
		3289C8AB423A9B9070CE4D49 /* Project object */ = {
			isa = PBXProject;
			attributes = {
				BuildIndependentTargetsInParallel = YES;
				LastUpgradeCheck = 2610;
				TargetAttributes = {
					33EC7B96CA7F4CE1AA815439 = {
						DevelopmentTeam = "";
					};
				};
			};
			buildConfigurationList = 4285009600C02AE3D14C0B80 /* Build configuration list for PBXProject "SafeFolder" */;
			developmentRegion = en;
			hasScannedForEncodings = 0;
			knownRegions = (
				Base,
				en,
			);
			mainGroup = A28C52F42E8532575FB06F07;
			minimizedProjectReferenceProxies = 1;
			preferredProjectObjectVersion = 77;
			productRefGroup = 4DA687D44A5B00207D900EA0 /* Products */;
			projectDirPath = "";
			projectRoot = "";
			targets = (
				33EC7B96CA7F4CE1AA815439 /* SafeFolder */,
			);
		};
/* End PBXProject section */

/* Begin PBXResourcesBuildPhase section */
		4375520BFE4C41DF58DAEB30 /* Resources */ = {
			isa = PBXResourcesBuildPhase;
			buildActionMask = 2147483647;
			files = (
				DE73C02BAF778409AC1853C3 /* Assets.xcassets in Resources */,
			);
			runOnlyForDeploymentPostprocessing = 0;
		};
/* End PBXResourcesBuildPhase section */

/* Begin PBXSourcesBuildPhase section */
		9FB2479B813B316FFC1F1276 /* Sources */ = {
			isa = PBXSourcesBuildPhase;
			buildActionMask = 2147483647;
			files = (
				D66C9C919D347A4D24E17014 /* AppLogger.swift in Sources */,
				F7E8802A57057E040ACCF83D /* BiometricAuthService.swift in Sources */,
				24F7D73A45784812E5B7FAF1 /* ContentView.swift in Sources */,
				D90E3307B8CE5EECF8EA58DC /* ConvertFolderView.swift in Sources */,
				1AC3DF07F7C4AC88DBC934C3 /* CreateFolderView.swift in Sources */,
				8A2506BB46ADD5FCDEB9E242 /* DocumentPicker.swift in Sources */,
				F15896F9DED92E8990A257A1 /* EmptyStateView.swift in Sources */,
				CC24A8BC91BCC99C492CE580 /* FileGridItemView.swift in Sources */,
				20207A2132083E33703887C2 /* FileItem.swift in Sources */,
				464638A2A2F88D17154203A1 /* FilePreviewView.swift in Sources */,
				6E57CC77F3B07BFB0F847FC0 /* FileRowView.swift in Sources */,
				ACAB5CB16E517A71912D2B67 /* FileThumbnailView.swift in Sources */,
				37DC86BCE76712747495503B /* Folder.swift in Sources */,
				EA92B4289C8232E01FD2F92B /* FolderDetailView.swift in Sources */,
				2510BCCBCEDA78B5BF36CCD4 /* FolderListView.swift in Sources */,
				D2F1A0FE9C67359AAC4BC6D8 /* FolderRowView.swift in Sources */,
				24509BBB6A26B34F08A2F6CB /* FolderStore.swift in Sources */,
				F4BDE0D0D8AFE9407F554064 /* ImagePicker.swift in Sources */,
				844AD464629ECB6A8B3EA3FD /* KeychainService.swift in Sources */,
				1A6B5AC03C8D2D96E9EA1BCD /* PhotoPicker.swift in Sources */,
				C99CAFE43FEBD610249F601A /* SafeFolderApp.swift in Sources */,
				89B82298EC0B75BF1AACE33A /* StorageService.swift in Sources */,
			);
			runOnlyForDeploymentPostprocessing = 0;
		};
/* End PBXSourcesBuildPhase section */

/* Begin XCBuildConfiguration section */
		0884270D56A2A60DAF8CD1FD /* Debug */ = {
			isa = XCBuildConfiguration;
			buildSettings = {
				ALWAYS_SEARCH_USER_PATHS = NO;
				CLANG_ANALYZER_NONNULL = YES;
				CLANG_ANALYZER_NUMBER_OBJECT_CONVERSION = YES_AGGRESSIVE;
				CLANG_CXX_LANGUAGE_STANDARD = "gnu++14";
				CLANG_CXX_LIBRARY = "libc++";
				CLANG_ENABLE_MODULES = YES;
				CLANG_ENABLE_OBJC_ARC = YES;
				CLANG_ENABLE_OBJC_WEAK = YES;
				CLANG_WARN_BLOCK_CAPTURE_AUTORELEASING = YES;
				CLANG_WARN_BOOL_CONVERSION = YES;
				CLANG_WARN_COMMA = YES;
				CLANG_WARN_CONSTANT_CONVERSION = YES;
				CLANG_WARN_DEPRECATED_OBJC_IMPLEMENTATIONS = YES;
				CLANG_WARN_DIRECT_OBJC_ISA_USAGE = YES_ERROR;
				CLANG_WARN_DOCUMENTATION_COMMENTS = YES;
				CLANG_WARN_EMPTY_BODY = YES;
				CLANG_WARN_ENUM_CONVERSION = YES;
				CLANG_WARN_INFINITE_RECURSION = YES;
				CLANG_WARN_INT_CONVERSION = YES;
				CLANG_WARN_NON_LITERAL_NULL_CONVERSION = YES;
				CLANG_WARN_OBJC_IMPLICIT_RETAIN_SELF = YES;
				CLANG_WARN_OBJC_LITERAL_CONVERSION = YES;
				CLANG_WARN_OBJC_ROOT_CLASS = YES_ERROR;
				CLANG_WARN_QUOTED_INCLUDE_IN_FRAMEWORK_HEADER = YES;
				CLANG_WARN_RANGE_LOOP_ANALYSIS = YES;
				CLANG_WARN_STRICT_PROTOTYPES = YES;
				CLANG_WARN_SUSPICIOUS_MOVE = YES;
				CLANG_WARN_UNGUARDED_AVAILABILITY = YES_AGGRESSIVE;
				CLANG_WARN_UNREACHABLE_CODE = YES;
				CLANG_WARN__DUPLICATE_METHOD_MATCH = YES;
				COPY_PHASE_STRIP = NO;
				DEBUG_INFORMATION_FORMAT = dwarf;
				DEVELOPMENT_TEAM = "";
				ENABLE_STRICT_OBJC_MSGSEND = YES;
				ENABLE_TESTABILITY = YES;
				GCC_C_LANGUAGE_STANDARD = gnu11;
				GCC_DYNAMIC_NO_PIC = NO;
				GCC_NO_COMMON_BLOCKS = YES;
				GCC_OPTIMIZATION_LEVEL = 0;
				GCC_PREPROCESSOR_DEFINITIONS = (
					"$(inherited)",
					"DEBUG=1",
				);
				GCC_WARN_64_TO_32_BIT_CONVERSION = YES;
				GCC_WARN_ABOUT_RETURN_TYPE = YES_ERROR;
				GCC_WARN_UNDECLARED_SELECTOR = YES;
				GCC_WARN_UNINITIALIZED_AUTOS = YES_AGGRESSIVE;
				GCC_WARN_UNUSED_FUNCTION = YES;
				GCC_WARN_UNUSED_VARIABLE = YES;
				INFOPLIST_FILE = SafeFolder/Info.plist;
				IPHONEOS_DEPLOYMENT_TARGET = 17.0;
				MTL_ENABLE_DEBUG_INFO = INCLUDE_SOURCE;
				MTL_FAST_MATH = YES;
				ONLY_ACTIVE_ARCH = YES;
				PRODUCT_NAME = "$(TARGET_NAME)";
				SDKROOT = iphoneos;
				SWIFT_ACTIVE_COMPILATION_CONDITIONS = DEBUG;
				SWIFT_OPTIMIZATION_LEVEL = "-Onone";
				SWIFT_VERSION = 6.0;
				TARGETED_DEVICE_FAMILY = "1,2";
			};
			name = Debug;
		};
		DC8430E8C01A80D1242B187D /* Release */ = {
			isa = XCBuildConfiguration;
			buildSettings = {
				ALWAYS_SEARCH_USER_PATHS = NO;
				CLANG_ANALYZER_NONNULL = YES;
				CLANG_ANALYZER_NUMBER_OBJECT_CONVERSION = YES_AGGRESSIVE;
				CLANG_CXX_LANGUAGE_STANDARD = "gnu++14";
				CLANG_CXX_LIBRARY = "libc++";
				CLANG_ENABLE_MODULES = YES;
				CLANG_ENABLE_OBJC_ARC = YES;
				CLANG_ENABLE_OBJC_WEAK = YES;
				CLANG_WARN_BLOCK_CAPTURE_AUTORELEASING = YES;
				CLANG_WARN_BOOL_CONVERSION = YES;
				CLANG_WARN_COMMA = YES;
				CLANG_WARN_CONSTANT_CONVERSION = YES;
				CLANG_WARN_DEPRECATED_OBJC_IMPLEMENTATIONS = YES;
				CLANG_WARN_DIRECT_OBJC_ISA_USAGE = YES_ERROR;
				CLANG_WARN_DOCUMENTATION_COMMENTS = YES;
				CLANG_WARN_EMPTY_BODY = YES;
				CLANG_WARN_ENUM_CONVERSION = YES;
				CLANG_WARN_INFINITE_RECURSION = YES;
				CLANG_WARN_INT_CONVERSION = YES;
				CLANG_WARN_NON_LITERAL_NULL_CONVERSION = YES;
				CLANG_WARN_OBJC_IMPLICIT_RETAIN_SELF = YES;
				CLANG_WARN_OBJC_LITERAL_CONVERSION = YES;
				CLANG_WARN_OBJC_ROOT_CLASS = YES_ERROR;
				CLANG_WARN_QUOTED_INCLUDE_IN_FRAMEWORK_HEADER = YES;
				CLANG_WARN_RANGE_LOOP_ANALYSIS = YES;
				CLANG_WARN_STRICT_PROTOTYPES = YES;
				CLANG_WARN_SUSPICIOUS_MOVE = YES;
				CLANG_WARN_UNGUARDED_AVAILABILITY = YES_AGGRESSIVE;
				CLANG_WARN_UNREACHABLE_CODE = YES;
				CLANG_WARN__DUPLICATE_METHOD_MATCH = YES;
				COPY_PHASE_STRIP = NO;
				DEBUG_INFORMATION_FORMAT = "dwarf-with-dsym";
				DEVELOPMENT_TEAM = "";
				ENABLE_NS_ASSERTIONS = NO;
				ENABLE_STRICT_OBJC_MSGSEND = YES;
				GCC_C_LANGUAGE_STANDARD = gnu11;
				GCC_NO_COMMON_BLOCKS = YES;
				GCC_WARN_64_TO_32_BIT_CONVERSION = YES;
				GCC_WARN_ABOUT_RETURN_TYPE = YES_ERROR;
				GCC_WARN_UNDECLARED_SELECTOR = YES;
				GCC_WARN_UNINITIALIZED_AUTOS = YES_AGGRESSIVE;
				GCC_WARN_UNUSED_FUNCTION = YES;
				GCC_WARN_UNUSED_VARIABLE = YES;
				INFOPLIST_FILE = SafeFolder/Info.plist;
				IPHONEOS_DEPLOYMENT_TARGET = 17.0;
				MTL_ENABLE_DEBUG_INFO = NO;
				MTL_FAST_MATH = YES;
				PRODUCT_NAME = "$(TARGET_NAME)";
				SDKROOT = iphoneos;
				SWIFT_COMPILATION_MODE = wholemodule;
				SWIFT_OPTIMIZATION_LEVEL = "-O";
				SWIFT_VERSION = 6.0;
				TARGETED_DEVICE_FAMILY = "1,2";
			};
			name = Release;
		};
		F6160C0F467B118783CCF69A /* Release */ = {
			isa = XCBuildConfiguration;
			buildSettings = {
				ASSETCATALOG_COMPILER_APPICON_NAME = AppIcon;
				ASSETCATALOG_COMPILER_GLOBAL_ACCENT_COLOR_NAME = AccentColor;
				CODE_SIGN_IDENTITY = "iPhone Developer";
				GENERATE_INFOPLIST_FILE = NO;
				INFOPLIST_FILE = SafeFolder/Info.plist;
				LD_RUNPATH_SEARCH_PATHS = (
					"$(inherited)",
					"@executable_path/Frameworks",
				);
				PRODUCT_BUNDLE_IDENTIFIER = com.safefolder.app;
				SDKROOT = iphoneos;
				SWIFT_EMIT_LOC_STRINGS = YES;
				TARGETED_DEVICE_FAMILY = "1,2";
			};
			name = Release;
		};
		F9DE9E59C07EEF1FA30BA57A /* Debug */ = {
			isa = XCBuildConfiguration;
			buildSettings = {
				ASSETCATALOG_COMPILER_APPICON_NAME = AppIcon;
				ASSETCATALOG_COMPILER_GLOBAL_ACCENT_COLOR_NAME = AccentColor;
				CODE_SIGN_IDENTITY = "iPhone Developer";
				GENERATE_INFOPLIST_FILE = NO;
				INFOPLIST_FILE = SafeFolder/Info.plist;
				LD_RUNPATH_SEARCH_PATHS = (
					"$(inherited)",
					"@executable_path/Frameworks",
				);
				PRODUCT_BUNDLE_IDENTIFIER = com.safefolder.app;
				SDKROOT = iphoneos;
				SWIFT_EMIT_LOC_STRINGS = YES;
				TARGETED_DEVICE_FAMILY = "1,2";
			};
			name = Debug;
		};
/* End XCBuildConfiguration section */

/* Begin XCConfigurationList section */
		0C5A45806275E00C4D271E0F /* Build configuration list for PBXNativeTarget "SafeFolder" */ = {
			isa = XCConfigurationList;
			buildConfigurations = (
				F9DE9E59C07EEF1FA30BA57A /* Debug */,
				F6160C0F467B118783CCF69A /* Release */,
			);
			defaultConfigurationIsVisible = 0;
			defaultConfigurationName = Debug;
		};
		4285009600C02AE3D14C0B80 /* Build configuration list for PBXProject "SafeFolder" */ = {
			isa = XCConfigurationList;
			buildConfigurations = (
				0884270D56A2A60DAF8CD1FD /* Debug */,
				DC8430E8C01A80D1242B187D /* Release */,
			);
			defaultConfigurationIsVisible = 0;
			defaultConfigurationName = Debug;
		};
/* End XCConfigurationList section */
	};
	rootObject = 3289C8AB423A9B9070CE4D49 /* Project object */;
}
